
Microsoft Visual Studio Solution File, Format Version 12.00
# Visual Studio Version 16
VisualStudioVersion = 16.0.31515.178
MinimumVisualStudioVersion = 10.0.40219.1
Project("{FAE04EC0-301F-11D3-BF4B-00C04F79EFBC}") = "CsharpPartI", "CsharpPartI\CsharpPartI.csproj", "{C2BECFD2-E3D1-4592-BD63-989818F124FF}"
EndProject
Global
	GlobalSection(SolutionConfigurationPlatforms) = preSolution
		Debug|Any CPU = Debug|Any CPU
		Release|Any CPU = Release|Any CPU
	EndGlobalSection
	GlobalSection(ProjectConfigurationPlatforms) = postSolution
		{C2BECFD2-E3D1-4592-BD63-989818F124FF}.Debug|Any CPU.ActiveCfg = Debug|Any CPU
		{C2BECFD2-E3D1-4592-BD63-989818F124FF}.Debug|Any CPU.Build.0 = Debug|Any CPU
		{C2BECFD2-E3D1-4592-BD63-989818F124FF}.Release|Any CPU.ActiveCfg = Release|Any CPU
		{C2BECFD2-E3D1-4592-BD63-989818F124FF}.Release|Any CPU.Build.0 = Release|Any CPU
	EndGlobalSection
	GlobalSection(SolutionProperties) = preSolution
		HideSolutionNode = FALSE
	EndGlobalSection
	GlobalSection(ExtensibilityGlobals) = postSolution
		SolutionGuid = {47DC3D28-CA81-4DD3-A8ED-FC2F240A65DC}
	EndGlobalSection
EndGlobal
